
Microsoft Visual Studio Solution File, Format Version 12.00
# Visual Studio Version 17
VisualStudioVersion = 17.13.35913.81 d17.13
MinimumVisualStudioVersion = 10.0.40219.1
Project("{FAE04EC0-301F-11D3-BF4B-00C04F79EFBC}") = "Meetod", "Meetod.csproj", "{32879AC9-B55A-4553-BC7D-4935EB2D0442}"
EndProject
Global
	GlobalSection(SolutionConfigurationPlatforms) = preSolution
		Debug|Any CPU = Debug|Any CPU
		Release|Any CPU = Release|Any CPU
	EndGlobalSection
	GlobalSection(ProjectConfigurationPlatforms) = postSolution
		{32879AC9-B55A-4553-BC7D-4935EB2D0442}.Debug|Any CPU.ActiveCfg = Debug|Any CPU
		{32879AC9-B55A-4553-BC7D-4935EB2D0442}.Debug|Any CPU.Build.0 = Debug|Any CPU
		{32879AC9-B55A-4553-BC7D-4935EB2D0442}.Release|Any CPU.ActiveCfg = Release|Any CPU
		{32879AC9-B55A-4553-BC7D-4935EB2D0442}.Release|Any CPU.Build.0 = Release|Any CPU
	EndGlobalSection
	GlobalSection(SolutionProperties) = preSolution
		HideSolutionNode = FALSE
	EndGlobalSection
	GlobalSection(ExtensibilityGlobals) = postSolution
		SolutionGuid = {1EFCE18A-B847-4190-A09C-F25854CBADD8}
	EndGlobalSection
EndGlobal
